
Microsoft Visual Studio Solution File, Format Version 12.00
# Visual Studio Version 16
VisualStudioVersion = 16.0.31410.357
MinimumVisualStudioVersion = 10.0.40219.1
Project("{FAE04EC0-301F-11D3-BF4B-00C04F79EFBC}") = "YemekReseptiSayti", "YemekReseptiSayti\YemekReseptiSayti.csproj", "{22E58432-21C9-4EB7-AB4A-BA96404D2C64}"
EndProject
Global
	GlobalSection(SolutionConfigurationPlatforms) = preSolution
		Debug|Any CPU = Debug|Any CPU
		Release|Any CPU = Release|Any CPU
	EndGlobalSection
	GlobalSection(ProjectConfigurationPlatforms) = postSolution
		{22E58432-21C9-4EB7-AB4A-BA96404D2C64}.Debug|Any CPU.ActiveCfg = Debug|Any CPU
		{22E58432-21C9-4EB7-AB4A-BA96404D2C64}.Debug|Any CPU.Build.0 = Debug|Any CPU
		{22E58432-21C9-4EB7-AB4A-BA96404D2C64}.Release|Any CPU.ActiveCfg = Release|Any CPU
		{22E58432-21C9-4EB7-AB4A-BA96404D2C64}.Release|Any CPU.Build.0 = Release|Any CPU
	EndGlobalSection
	GlobalSection(SolutionProperties) = preSolution
		HideSolutionNode = FALSE
	EndGlobalSection
	GlobalSection(ExtensibilityGlobals) = postSolution
		SolutionGuid = {7E9D01AE-CA04-4300-9465-06C287645314}
	EndGlobalSection
EndGlobal
